{
  "name": "voxel-4d",
  "version": "0.0.1",
  "lockfileVersion": 1,
  "requires": true,
  "dependencies": {
    "@cbor-extract/cbor-extract-darwin-arm64": {
      "version": "2.2.0",
      "resolved": "https://registry.npmjs.org/@cbor-extract/cbor-extract-darwin-arm64/-/cbor-extract-darwin-arm64-2.2.0.tgz",
      "integrity": "sha512-P7swiOAdF7aSi0H+tHtHtr6zrpF3aAq/W9FXx5HektRvLTM2O89xCyXF3pk7pLc7QpaY7AoaE8UowVf9QBdh3w==",
      "optional": true
    },
    "@cbor-extract/cbor-extract-darwin-x64": {
      "version": "2.2.0",
      "resolved": "https://registry.npmjs.org/@cbor-extract/cbor-extract-darwin-x64/-/cbor-extract-darwin-x64-2.2.0.tgz",
      "integrity": "sha512-1liF6fgowph0JxBbYnAS7ZlqNYLf000Qnj4KjqPNW4GViKrEql2MgZnAsExhY9LSy8dnvA4C0qHEBgPrll0z0w==",
      "optional": true
    },
    "@cbor-extract/cbor-extract-linux-arm": {
      "version": "2.2.0",
      "resolved": "https://registry.npmjs.org/@cbor-extract/cbor-extract-linux-arm/-/cbor-extract-linux-arm-2.2.0.tgz",
      "integrity": "sha512-QeBcBXk964zOytiedMPQNZr7sg0TNavZeuUCD6ON4vEOU/25+pLhNN6EDIKJ9VLTKaZ7K7EaAriyYQ1NQ05s/Q==",
      "optional": true
    },
    "@cbor-extract/cbor-extract-linux-arm64": {
      "version": "2.2.0",
      "resolved": "https://registry.npmjs.org/@cbor-extract/cbor-extract-linux-arm64/-/cbor-extract-linux-arm64-2.2.0.tgz",
      "integrity": "sha512-rQvhNmDuhjTVXSPFLolmQ47/ydGOFXtbR7+wgkSY0bdOxCFept1hvg59uiLPT2fVDuJFuEy16EImo5tE2x3RsQ==",
      "optional": true
    },
    "@cbor-extract/cbor-extract-linux-x64": {
      "version": "2.2.0",
      "resolved": "https://registry.npmjs.org/@cbor-extract/cbor-extract-linux-x64/-/cbor-extract-linux-x64-2.2.0.tgz",
      "integrity": "sha512-cWLAWtT3kNLHSvP4RKDzSTX9o0wvQEEAj4SKvhWuOVZxiDAeQazr9A+PSiRILK1VYMLeDml89ohxCnUNQNQNCw==",
      "optional": true
    },
    "@cbor-extract/cbor-extract-win32-x64": {
      "version": "2.2.0",
      "resolved": "https://registry.npmjs.org/@cbor-extract/cbor-extract-win32-x64/-/cbor-extract-win32-x64-2.2.0.tgz",
      "integrity": "sha512-l2M+Z8DO2vbvADOBNLbbh9y5ST1RY5sqkWOg/58GkUPBYou/cuNZ68SGQ644f1CvZ8kcOxyZtw06+dxWHIoN/w==",
      "optional": true
    },
    "@manishiitg/peerjs-mesh": {
      "version": "0.0.39",
      "resolved": "https://registry.npmjs.org/@manishiitg/peerjs-mesh/-/peerjs-mesh-0.0.39.tgz",
      "integrity": "sha512-/0j050ZybPERbz7Y/4FAaedbzOwg0oFzKybZgWCeZniJQvTtU5fyp146SWGUtZSKmW/Yq0HcfVUghWwKc21H5A==",
      "requires": {
        "peerjs": "^1.3.2"
      }
    },
    "@msgpack/msgpack": {
      "version": "2.8.0",
      "resolved": "https://registry.npmjs.org/@msgpack/msgpack/-/msgpack-2.8.0.tgz",
      "integrity": "sha512-h9u4u/jiIRKbq25PM+zymTyW6bhTzELvOoUd+AvYriWOAKpLGnIamaET3pnHYoI5iYphAHBI4ayx0MehR+VVPQ=="
    },
    "aabb-3d": {
      "version": "0.0.0",
      "resolved": "https://registry.npmjs.org/aabb-3d/-/aabb-3d-0.0.0.tgz",
      "integrity": "sha512-rE4om/qrYm3B/esKpiGA5lCeshmyJwnmYp/rIurxItyVJHgm/Bs1JFsWsHH4XI/QZLx7YuEfe15XnYtVkzBOIQ==",
      "requires": {
        "gl-matrix": "2.X.X"
      }
    },
    "abbrev": {
      "version": "1.1.1",
      "resolved": "https://registry.npmjs.org/abbrev/-/abbrev-1.1.1.tgz",
      "integrity": "sha512-nne9/IiQ/hzIhY6pdDnbBtz7DjPTKrY00P/zvPSm5pOFkl6xuGrGnXn/VtTNNfNtAfZ9/1RtehkszU9qcTii0Q==",
      "dev": true
    },
    "ambi": {
      "version": "2.5.0",
      "resolved": "https://registry.npmjs.org/ambi/-/ambi-2.5.0.tgz",
      "integrity": "sha512-5nS0gYMPNgZz/UALDHMStcwO42youpIWBQVbI92vV5j0+2bMxv/iVqearrLu3/f0XaU6xVIbf3RRtDxOcHxSkw==",
      "dev": true,
      "requires": {
        "editions": "^1.1.1",
        "typechecker": "^4.3.0"
      },
      "dependencies": {
        "editions": {
          "version": "1.3.4",
          "resolved": "https://registry.npmjs.org/editions/-/editions-1.3.4.tgz",
          "integrity": "sha512-gzao+mxnYDzIysXKMQi/+M1mjy/rjestjg6OPoYTtI+3Izp23oiGZitsl9lPDPiTGXbcSIk1iJWhliSaglxnUg==",
          "dev": true
        },
        "typechecker": {
          "version": "4.11.0",
          "resolved": "https://registry.npmjs.org/typechecker/-/typechecker-4.11.0.tgz",
          "integrity": "sha512-lz39Mc/d1UBcF/uQFL5P8L+oWdIn/stvkUgHf0tPRW4aEwGGErewNXo2Nb6We2WslWifn00rhcHbbRWRcTGhuw==",
          "dev": true,
          "requires": {
            "editions": "^2.2.0"
          },
          "dependencies": {
            "editions": {
              "version": "2.3.1",
              "resolved": "https://registry.npmjs.org/editions/-/editions-2.3.1.tgz",
              "integrity": "sha512-ptGvkwTvGdGfC0hfhKg0MT+TRLRKGtUiWGBInxOm5pz7ssADezahjCUaYuZ8Dr+C05FW0AECIIPt4WBxVINEhA==",
              "dev": true,
              "requires": {
                "errlop": "^2.0.0",
                "semver": "^6.3.0"
              }
            }
          }
        }
      }
    },
    "atlaspack": {
      "version": "0.2.7",
      "resolved": "https://registry.npmjs.org/atlaspack/-/atlaspack-0.2.7.tgz",
      "integrity": "sha512-2f69tOVjM5ukAWa/QfRjl/Xs7JtpOCFW9AMndl0FB17od6FESRbdsN1R7khY2Qbfb8ngoXgrRKf01VVLtia1FA=="
    },
    "Base64": {
      "version": "0.1.4",
      "resolved": "https://registry.npmjs.org/Base64/-/Base64-0.1.4.tgz",
      "integrity": "sha512-rHuyFTuK3/IH8tMcDB0BVrfpVM8+YQ7XSsICoYUu+JUUjnbbSyPfHok/NWLFgUbKt8sPeOIEFX6YJJTO2vgt7w==",
      "dev": true
    },
    "base64-js": {
      "version": "0.0.2",
      "resolved": "https://registry.npmjs.org/base64-js/-/base64-js-0.0.2.tgz",
      "integrity": "sha512-Pj9L87dCdGcKlSqPVUjD+q96pbIx1zQQLb2CUiWURfjiBELv84YX+0nGnKmyT/9KkC7PQk7UN1w+Al8bBozaxQ==",
      "dev": true
    },
    "beefy": {
      "version": "0.7.1",
      "resolved": "https://registry.npmjs.org/beefy/-/beefy-0.7.1.tgz",
      "integrity": "sha512-MhEhA6PnU34WpRnxHEDfL9gs5cJtyT0QTFy8oL9CEJzL6sAtgmSXsE3esA4Q+q2Az4Kbly457F7MhlWSBGe63Q==",
      "dev": true,
      "requires": {
        "colors": "~0.6.0-1",
        "mime": "~1.2.9",
        "nopt": "~2.1.1",
        "open": "0.0.3",
        "portfinder": "~0.2.1",
        "response-stream": "0.0.0",
        "script-injector": "~0.1.0",
        "sse-stream": "0.0.4",
        "through": "~2.2.0",
        "watchr": "~2.4.3"
      }
    },
    "bops": {
      "version": "0.0.6",
      "resolved": "https://registry.npmjs.org/bops/-/bops-0.0.6.tgz",
      "integrity": "sha512-EWD8/Ei9o/h/wmR3w/YL/8dGKe4rSFHlaO8VNNcuXnjXjeTgxdcmhjPf9hRCYlqTrBPZbKaht+FxZKahcob5UQ==",
      "dev": true,
      "requires": {
        "base64-js": "0.0.2",
        "to-utf8": "0.0.1"
      }
    },
    "browserify": {
      "version": "1.17.3",
      "resolved": "https://registry.npmjs.org/browserify/-/browserify-1.17.3.tgz",
      "integrity": "sha512-1L9Xshx9BreNI2TYRv1fDn1UevmdPOST4tNQ4BgiXgJhkz+HpvPrNbiyisM6RFl1zzPWUGeVbIBQVC9dtg5HRA==",
      "dev": true,
      "requires": {
        "buffer-browserify": "~0.0.1",
        "coffee-script": "1.x.x",
        "commondir": "~0.0.1",
        "console-browserify": "~0.1.0",
        "crypto-browserify": "~0",
        "deputy": "~0.0.3",
        "detective": "~0.2.0",
        "http-browserify": "~0.1.1",
        "nub": "~0.0.0",
        "optimist": "~0.3.4",
        "resolve": "~0.2.0",
        "syntax-error": "~0.0.0",
        "vm-browserify": "~0.0.0"
      },
      "dependencies": {
        "resolve": {
          "version": "0.2.8",
          "resolved": "https://registry.npmjs.org/resolve/-/resolve-0.2.8.tgz",
          "integrity": "sha512-/u93d172yGtNlqM9641bKSdPmgaJ/X9TiD/7Mrb3DtrZ/CAvfNEXAdRABvayxLst7GGWMKkD0oGFQvwn0exevg==",
          "dev": true
        }
      }
    },
    "buffer-browserify": {
      "version": "0.0.5",
      "resolved": "https://registry.npmjs.org/buffer-browserify/-/buffer-browserify-0.0.5.tgz",
      "integrity": "sha512-zNXLnh20hYu4ErIzzKds7vOrNrvCziIes6EleBpEcAP1BUztH9FR1p0Dwgyjj2Wpfy8RBl8+yrBcxbfJVpZ15w==",
      "dev": true,
      "requires": {
        "base64-js": "0.0.2"
      }
    },
    "cbor-extract": {
      "version": "2.2.0",
      "resolved": "https://registry.npmjs.org/cbor-extract/-/cbor-extract-2.2.0.tgz",
      "integrity": "sha512-Ig1zM66BjLfTXpNgKpvBePq271BPOvu8MR0Jl080yG7Jsl+wAZunfrwiwA+9ruzm/WEdIV5QF/bjDZTqyAIVHA==",
      "optional": true,
      "requires": {
        "@cbor-extract/cbor-extract-darwin-arm64": "2.2.0",
        "@cbor-extract/cbor-extract-darwin-x64": "2.2.0",
        "@cbor-extract/cbor-extract-linux-arm": "2.2.0",
        "@cbor-extract/cbor-extract-linux-arm64": "2.2.0",
        "@cbor-extract/cbor-extract-linux-x64": "2.2.0",
        "@cbor-extract/cbor-extract-win32-x64": "2.2.0",
        "node-gyp-build-optional-packages": "5.1.1"
      }
    },
    "cbor-x": {
      "version": "1.5.4",
      "resolved": "https://registry.npmjs.org/cbor-x/-/cbor-x-1.5.4.tgz",
      "integrity": "sha512-PVKILDn+Rf6MRhhcyzGXi5eizn1i0i3F8Fe6UMMxXBnWkalq9+C5+VTmlIjAYM4iF2IYF2N+zToqAfYOp+3rfw==",
      "requires": {
        "cbor-extract": "^2.1.1"
      }
    },
    "coffee-script": {
      "version": "1.12.7",
      "resolved": "https://registry.npmjs.org/coffee-script/-/coffee-script-1.12.7.tgz",
      "integrity": "sha512-fLeEhqwymYat/MpTPUjSKHVYYl0ec2mOyALEMLmzr5i1isuG+6jfI2j2d5oBO3VIzgUXgBVIcOT9uH1TFxBckw==",
      "dev": true
    },
    "collide-3d-tilemap": {
      "version": "0.0.1",
      "resolved": "https://registry.npmjs.org/collide-3d-tilemap/-/collide-3d-tilemap-0.0.1.tgz",
      "integrity": "sha512-Sf/B6Pu3FWXLC3r30X1LvJnmLnsOaSW6GzTQJ1ptmwgm/HJhPi8cHQVqP2oSDv6nZyfCHb7WnfYxg6JFYCq0nQ=="
    },
    "colors": {
      "version": "0.6.2",
      "resolved": "https://registry.npmjs.org/colors/-/colors-0.6.2.tgz",
      "integrity": "sha512-OsSVtHK8Ir8r3+Fxw/b4jS1ZLPXkV6ZxDRJQzeD7qo0SqMXWrHDM71DgYzPMHY8SFJ0Ao+nNU2p1MmwdzKqPrw==",
      "dev": true
    },
    "commondir": {
      "version": "0.0.2",
      "resolved": "https://registry.npmjs.org/commondir/-/commondir-0.0.2.tgz",
      "integrity": "sha512-s4oS0jIUZ1t1LJCN7MI2cEDEd25cCSEW0vluKuDEsYcR0KGIiX7HmTtPMbxqGlaqGaihsGlmko1P3vNWzV7cOg==",
      "dev": true
    },
    "console-browserify": {
      "version": "0.1.6",
      "resolved": "https://registry.npmjs.org/console-browserify/-/console-browserify-0.1.6.tgz",
      "integrity": "sha512-FJahZyF+dLKrC7h4DOq5JsHA+f0cLJD3TR1+0CK3n6phtdrVAPsZZKq+PZRmo2RYSOHvvs8kNhU4uRiSZUbSbA==",
      "dev": true
    },
    "core-util-is": {
      "version": "1.0.3",
      "resolved": "https://registry.npmjs.org/core-util-is/-/core-util-is-1.0.3.tgz",
      "integrity": "sha512-ZQBvi1DcpJ4GDqanjucZ2Hj3wEO5pZDS89BWbkcrvdxksJorwUDDZamX9ldFkp9aw2lmBDLgkObEA4DWNJ9FYQ==",
      "dev": true
    },
    "crypto-browserify": {
      "version": "0.4.0",
      "resolved": "https://registry.npmjs.org/crypto-browserify/-/crypto-browserify-0.4.0.tgz",
      "integrity": "sha512-zB102Gt4jCMoT4I3TtYJpyD/Fz7O4bKQqpGHUmwANjltYXgHmgaK5ADLAE+U7TTclm4GsWgG9PZieJ6RaRxY+w==",
      "dev": true
    },
    "csextends": {
      "version": "1.2.0",
      "resolved": "https://registry.npmjs.org/csextends/-/csextends-1.2.0.tgz",
      "integrity": "sha512-S/8k1bDTJIwuGgQYmsRoE+8P+ohV32WhQ0l4zqrc0XDdxOhjQQD7/wTZwCzoZX53jSX3V/qwjT+OkPTxWQcmjg==",
      "dev": true
    },
    "cssauron": {
      "version": "1.4.0",
      "resolved": "https://registry.npmjs.org/cssauron/-/cssauron-1.4.0.tgz",
      "integrity": "sha512-Ht70DcFBh+/ekjVrYS2PlDMdSQEl3OFNmjK6lcn49HptBgilXf/Zwg4uFh9Xn0pX3Q8YOkSjIFOfK2osvdqpBw==",
      "dev": true,
      "requires": {
        "through": "X.X.X"
      }
    },
    "deputy": {
      "version": "0.0.4",
      "resolved": "https://registry.npmjs.org/deputy/-/deputy-0.0.4.tgz",
      "integrity": "sha512-OajMtK4NA94fOLkfzk3C7DKb166NsfNPYMPfne2Qw3BnzlYJ3j6enNYfW5Z6Npw63WHrtSCSaRJc6JYggZdwVg==",
      "dev": true,
      "requires": {
        "detective": "~0.2.0",
        "mkdirp": "~0.3.3"
      },
      "dependencies": {
        "mkdirp": {
          "version": "0.3.5",
          "resolved": "https://registry.npmjs.org/mkdirp/-/mkdirp-0.3.5.tgz",
          "integrity": "sha512-8OCq0De/h9ZxseqzCH8Kw/Filf5pF/vMI6+BH7Lu0jXz2pqYCjTAQRolSxRIi+Ax+oCCjlxoJMP0YQ4XlrQNHg==",
          "dev": true
        }
      }
    },
    "detect-libc": {
      "version": "2.0.3",
      "resolved": "https://registry.npmjs.org/detect-libc/-/detect-libc-2.0.3.tgz",
      "integrity": "sha512-bwy0MGW55bG41VqxxypOsdSdGqLwXPI/focwgTYCFMbdUiBAxLg9CFzG08sz2aqzknwiX7Hkl0bQENjg8iLByw==",
      "optional": true
    },
    "detective": {
      "version": "0.2.1",
      "resolved": "https://registry.npmjs.org/detective/-/detective-0.2.1.tgz",
      "integrity": "sha512-7cCClwJIvG68QWK9RofULFBE30Hhuo4ZnlslT/G4d3iIhbC7IsSJB8tRR483Ag/ILWykmZIGSFmDxI4T53mMtA==",
      "dev": true,
      "requires": {
        "esprima": "~0.9.9"
      }
    },
    "domnode": {
      "version": "0.0.3",
      "resolved": "https://registry.npmjs.org/domnode/-/domnode-0.0.3.tgz",
      "integrity": "sha512-Axc62VjE0gf5EP5f1PlbsvdN4+xGmg57OYJmr2CpmiFIu07SWUJnA1XzwZ1ryxFxtDMCmtxG/I7JVBbHjo1mLQ==",
      "requires": {
        "mustache": "0.4.0"
      }
    },
    "domnode-dom": {
      "version": "0.0.4",
      "resolved": "https://registry.npmjs.org/domnode-dom/-/domnode-dom-0.0.4.tgz",
      "integrity": "sha512-LY+BiHFBH0Xh9lplT/I2Jp+HP85ixk00j8Q+xGgFPk2xRrTp5BCC8VnFM0oKuklQFzUal34fARHSRmilxYwSNQ==",
      "requires": {
        "domnode": "~0.0.3"
      }
    },
    "drag-stream": {
      "version": "0.0.2",
      "resolved": "https://registry.npmjs.org/drag-stream/-/drag-stream-0.0.2.tgz",
      "integrity": "sha512-Ml5XPo82HQHYw+ZnhBtbOgh9nGuC4ChrmK/o61WqRxntRV3HMpWJ46sz2THjbkuWCtJE+FdNnC5cSmvvPrOR0w==",
      "requires": {
        "domnode-dom": "~0.0.X",
        "through": "~1.1.1"
      },
      "dependencies": {
        "through": {
          "version": "1.1.2",
          "resolved": "https://registry.npmjs.org/through/-/through-1.1.2.tgz",
          "integrity": "sha512-YG7jdC/XCqsooOdR2LJpeuQ5WnuYnHohUMJq4xMN09rbr81rli6JfZbGa07dWJg24qb8h6mGC+0G74eak9hrnw=="
        }
      }
    },
    "duplexer": {
      "version": "0.1.2",
      "resolved": "https://registry.npmjs.org/duplexer/-/duplexer-0.1.2.tgz",
      "integrity": "sha512-jtD6YG370ZCIi/9GTaJKQxWTZD045+4R4hTk/x1UyoqadyJ9x9CgSi1RlVDQF8U2sxLLSnFkCaMihqljHIWgMg==",
      "dev": true
    },
    "duplexer2": {
      "version": "0.0.2",
      "resolved": "https://registry.npmjs.org/duplexer2/-/duplexer2-0.0.2.tgz",
      "integrity": "sha512-+AWBwjGadtksxjOQSFDhPNQbed7icNXApT4+2BNpsXzcCBiInq2H9XW0O8sfHFaPmnQRs7cg/P0fAr2IWQSW0g==",
      "dev": true,
      "requires": {
        "readable-stream": "~1.1.9"
      }
    },
    "eachr": {
      "version": "2.0.4",
      "resolved": "https://registry.npmjs.org/eachr/-/eachr-2.0.4.tgz",
      "integrity": "sha512-ImdMB5wEdN+M1VNte4NiYmH7FBJ/D27aOeYuqR3zuBRqwMeqtqPJvIqckzQzXT5s9nDMysV3bkE+zB6ezKhphg==",
      "dev": true,
      "requires": {
        "typechecker": "^2.0.8"
      }
    },
    "editions": {
      "version": "2.3.1",
      "resolved": "https://registry.npmjs.org/editions/-/editions-2.3.1.tgz",
      "integrity": "sha512-ptGvkwTvGdGfC0hfhKg0MT+TRLRKGtUiWGBInxOm5pz7ssADezahjCUaYuZ8Dr+C05FW0AECIIPt4WBxVINEhA==",
      "dev": true,
      "requires": {
        "errlop": "^2.0.0",
        "semver": "^6.3.0"
      }
    },
    "errlop": {
      "version": "2.2.0",
      "resolved": "https://registry.npmjs.org/errlop/-/errlop-2.2.0.tgz",
      "integrity": "sha512-e64Qj9+4aZzjzzFpZC7p5kmm/ccCrbLhAJplhsDXQFs87XTsXwOpH4s1Io2s90Tau/8r2j9f4l/thhDevRjzxw==",
      "dev": true
    },
    "esprima": {
      "version": "0.9.9",
      "resolved": "https://registry.npmjs.org/esprima/-/esprima-0.9.9.tgz",
      "integrity": "sha512-uTFHqyoMus4csxVp8FSqPajg59VwNt0PshVERqiIjPed6L9IG0pYz/zbhZ2HFFvn8AKzduipZP6mFxr3dr18ag==",
      "dev": true
    },
    "eventemitter3": {
      "version": "4.0.7",
      "resolved": "https://registry.npmjs.org/eventemitter3/-/eventemitter3-4.0.7.tgz",
      "integrity": "sha512-8guHBZCwKnFhYdHr2ysuRWErTwhoN2X8XELRlrRwpmfeY2jjuUN4taQMsULKUVo1K4DvZl+0pgfyoysHxvmvEw=="
    },
    "ever": {
      "version": "0.0.3",
      "resolved": "https://registry.npmjs.org/ever/-/ever-0.0.3.tgz",
      "integrity": "sha512-1HPmX13tnu47ivAWIrBoRudYXo6/aTwi2TrrKzP25vmVhlzbrpNpJnq+VSKHB/2s7cXcUqe+Rsx7QAtQdImxcw=="
    },
    "extend": {
      "version": "3.0.2",
      "resolved": "https://registry.npmjs.org/extend/-/extend-3.0.2.tgz",
      "integrity": "sha512-fjquC59cD7CyW6urNXK0FBufkZcoiGG80wTuPujX590cB5Ttln20E2UB4S/WARVqhXffZl2LNgS+gQdPIIim/g=="
    },
    "extendr": {
      "version": "2.1.0",
      "resolved": "https://registry.npmjs.org/extendr/-/extendr-2.1.0.tgz",
      "integrity": "sha512-1/5QFpiAAjnwGI3X9BvOSysH71f+GJLT5BNtsj9FWGhiK3BEup+TpJM+bPhWWqcLTyXW5tOOH/1tytm1Ts7JdQ==",
      "dev": true,
      "requires": {
        "typechecker": "~2.0.1"
      },
      "dependencies": {
        "typechecker": {
          "version": "2.0.8",
          "resolved": "https://registry.npmjs.org/typechecker/-/typechecker-2.0.8.tgz",
          "integrity": "sha512-7czjA7j/rc9zA/mTzsjD1yc41GIuARzFXIs69cc0PeMRu7uiGpQw4Cs83l/NjJj93PnSxeTZrOc2lDDLUmmpwg==",
          "dev": true
        }
      }
    },
    "extract-opts": {
      "version": "2.2.0",
      "resolved": "https://registry.npmjs.org/extract-opts/-/extract-opts-2.2.0.tgz",
      "integrity": "sha512-6DLdrGn/6m2K0Rf/sMnFi/WqB5WPBeFR2nxpi2iwsf+PnXFuiz+5m0+m0YOcfFEoV4vFxl4kxZj8OG45vMp+pw==",
      "dev": true,
      "requires": {
        "typechecker": "~2.0.1"
      },
      "dependencies": {
        "typechecker": {
          "version": "2.0.8",
          "resolved": "https://registry.npmjs.org/typechecker/-/typechecker-2.0.8.tgz",
          "integrity": "sha512-7czjA7j/rc9zA/mTzsjD1yc41GIuARzFXIs69cc0PeMRu7uiGpQw4Cs83l/NjJj93PnSxeTZrOc2lDDLUmmpwg==",
          "dev": true
        }
      }
    },
    "fullscreen": {
      "version": "0.0.1",
      "resolved": "https://registry.npmjs.org/fullscreen/-/fullscreen-0.0.1.tgz",
      "integrity": "sha512-reSW+p0jF2ZtUS0pcS+RT4oyAFceCurRbTuVGBimGs3oNM6+MSUF5I9H7lUWlb82e696Mnu+QPbwTPeTUU+3yg=="
    },
    "gl-matrix": {
      "version": "2.0.0",
      "resolved": "https://registry.npmjs.org/gl-matrix/-/gl-matrix-2.0.0.tgz",
      "integrity": "sha512-SOBDuMUHJfd52iy2/5+0YOY245Mfc7zmXVPmh0fTy22hmWFxZqXtWdA80bbr1Pbsvf59jnnn3Hg+mywXJjiDEg=="
    },
    "graceful-fs": {
      "version": "4.2.11",
      "resolved": "https://registry.npmjs.org/graceful-fs/-/graceful-fs-4.2.11.tgz",
      "integrity": "sha512-RbJ5/jmFcNNCcDV5o9eTnBLJ/HszWV0P73bc+Ff4nS/rJj+YaS6IGyiOL0VoBYX+l1Wrl3k63h/KrH+nhJ0XvQ==",
      "dev": true
    },
    "html-select": {
      "version": "2.3.24",
      "resolved": "https://registry.npmjs.org/html-select/-/html-select-2.3.24.tgz",
      "integrity": "sha512-kQ+YZoVQ8Aux6bUqMVc0iufcZOv03+xYZ4J5v2beT5wkNrW/e2roZ8pnU4LunVOVBGFkbodFKR0TvuMkTdyrJQ==",
      "dev": true,
      "requires": {
        "cssauron": "^1.1.0",
        "duplexer2": "~0.0.2",
        "inherits": "^2.0.1",
        "minimist": "~0.0.8",
        "readable-stream": "^1.0.27-1",
        "split": "~0.3.0",
        "stream-splicer": "^1.2.0",
        "through2": "^1.0.0"
      }
    },
    "html-tokenize": {
      "version": "1.2.5",
      "resolved": "https://registry.npmjs.org/html-tokenize/-/html-tokenize-1.2.5.tgz",
      "integrity": "sha512-7sCme3w9Hiv/kfL6sO6ePTGAV5fY6P7WDZyOs0zfXXU8vsS1ps1CQfGe0J1yuAdcCnOJ9h66RLYX/e9Cife8yw==",
      "dev": true,
      "requires": {
        "inherits": "~2.0.1",
        "minimist": "~0.0.8",
        "readable-stream": "~1.0.27-1",
        "through2": "~0.4.1"
      },
      "dependencies": {
        "readable-stream": {
          "version": "1.0.34",
          "resolved": "https://registry.npmjs.org/readable-stream/-/readable-stream-1.0.34.tgz",
          "integrity": "sha512-ok1qVCJuRkNmvebYikljxJA/UEsKwLl2nI1OmaqAu4/UE+h0wKCHok4XkL/gvi39OacXvw59RJUOFUkDib2rHg==",
          "dev": true,
          "requires": {
            "core-util-is": "~1.0.0",
            "inherits": "~2.0.1",
            "isarray": "0.0.1",
            "string_decoder": "~0.10.x"
          }
        },
        "through2": {
          "version": "0.4.2",
          "resolved": "https://registry.npmjs.org/through2/-/through2-0.4.2.tgz",
          "integrity": "sha512-45Llu+EwHKtAZYTPPVn3XZHBgakWMN3rokhEv5hu596XP+cNgplMg+Gj+1nmAvj+L0K7+N49zBKx5rah5u0QIQ==",
          "dev": true,
          "requires": {
            "readable-stream": "~1.0.17",
            "xtend": "~2.1.1"
          }
        },
        "xtend": {
          "version": "2.1.2",
          "resolved": "https://registry.npmjs.org/xtend/-/xtend-2.1.2.tgz",
          "integrity": "sha512-vMNKzr2rHP9Dp/e1NQFnLQlwlhp9L/LfvnsVdHxN1f+uggyVI3i08uD14GPvCToPkdsRfyPqIyYGmIk58V98ZQ==",
          "dev": true,
          "requires": {
            "object-keys": "~0.4.0"
          }
        }
      }
    },
    "http-browserify": {
      "version": "0.1.14",
      "resolved": "https://registry.npmjs.org/http-browserify/-/http-browserify-0.1.14.tgz",
      "integrity": "sha512-q9Gd3S/dVbLBhRsEQh3R7/Y1aHUvdqdfgHWt/QQRwInX5Cji6bCQhD5yXbcV2c03bApRdYpTDQ0XZSIR2o7nWg==",
      "dev": true,
      "requires": {
        "Base64": "~0.1.2",
        "concat-stream": "~1.0.0"
      },
      "dependencies": {
        "concat-stream": {
          "version": "1.0.1",
          "resolved": "https://registry.npmjs.org/concat-stream/-/concat-stream-1.0.1.tgz",
          "integrity": "sha512-nAHFsgeRVVvZ+aB3S1gLeN73fQ+tdOcw075BHbXMbC6MY0h6nqAkEeqPVCw8kRuDJJZDvaUjxI4jZv2FD0Tl8A==",
          "dev": true,
          "requires": {
            "bops": "0.0.6"
          }
        }
      }
    },
    "ignorefs": {
      "version": "1.4.1",
      "resolved": "https://registry.npmjs.org/ignorefs/-/ignorefs-1.4.1.tgz",
      "integrity": "sha512-1whgvOsPWFZRNA/5OFhIk56C9Y39+/CYaRVNvsZZkLymacOSqqdSU53xk8CP3G2u5gz2PX6RLxqKPcsIpDriog==",
      "dev": true,
      "requires": {
        "editions": "^2.2.0",
        "ignorepatterns": "^1.4.0"
      }
    },
    "ignorepatterns": {
      "version": "1.4.0",
      "resolved": "https://registry.npmjs.org/ignorepatterns/-/ignorepatterns-1.4.0.tgz",
      "integrity": "sha512-YPBIFRB25iZD0WiLxmToe80+QU+mZI+bUlEh3Ze/4gbhlXHdQFk0SwAFQtPOiBAoDv3FvhtSTDUCD9DKFsHTRA==",
      "dev": true,
      "requires": {
        "editions": "^2.2.0"
      }
    },
    "indexof": {
      "version": "0.0.1",
      "resolved": "https://registry.npmjs.org/indexof/-/indexof-0.0.1.tgz",
      "integrity": "sha512-i0G7hLJ1z0DE8dsqJa2rycj9dBmNKgXBvotXtZYXakU9oivfB9Uj2ZBC27qqef2U58/ZLwalxa1X/RDCdkHtVg==",
      "dev": true
    },
    "inherits": {
      "version": "2.0.4",
      "resolved": "https://registry.npmjs.org/inherits/-/inherits-2.0.4.tgz",
      "integrity": "sha512-k/vGaX4/Yla3WzyMCvTQOXYeIHvqOKtnqBduzTHpzpQZzAskKMhZ2K+EnBiSM9zGSoIFeMpXKxa4dYeZIQqewQ==",
      "dev": true
    },
    "interact": {
      "version": "0.0.2",
      "resolved": "https://registry.npmjs.org/interact/-/interact-0.0.2.tgz",
      "integrity": "sha512-A4aLkKJbogFhb6CBz7qn3CIn9Ru4hOOLzwTGA0nRaHxO4uyPiMFBkMPPuBgh1bWtwESeURgRDgYUUbyoQrq1/A==",
      "requires": {
        "drag-stream": "0.0.2",
        "fullscreen": "0.0.1",
        "pointer-lock": "0.0.3"
      }
    },
    "isarray": {
      "version": "0.0.1",
      "resolved": "https://registry.npmjs.org/isarray/-/isarray-0.0.1.tgz",
      "integrity": "sha512-D2S+3GLxWH+uhrNEcoh/fnmYeP8E8/zHl644d/jdA0g2uyXvy3sb0qxotE+ne0LtccHknQzWwZEzhak7oJ0COQ==",
      "dev": true
    },
    "kb-controls": {
      "version": "0.0.2",
      "resolved": "https://registry.npmjs.org/kb-controls/-/kb-controls-0.0.2.tgz",
      "integrity": "sha512-SDTpgHaMeEo705dwT4z+0F8Us4sMVj7fDAiPD9C1QbP6T14RvvHQCorxiTvjCuvsCvZ4QnSgaWNzW8OH0zuciQ==",
      "requires": {
        "ever": "X.X.X",
        "vkey": "X.X.X"
      }
    },
    "mime": {
      "version": "1.2.11",
      "resolved": "https://registry.npmjs.org/mime/-/mime-1.2.11.tgz",
      "integrity": "sha512-Ysa2F/nqTNGHhhm9MV8ure4+Hc+Y8AWiqUdHxsO7xu8zc92ND9f3kpALHjaP026Ft17UfxrMt95c50PLUeynBw==",
      "dev": true
    },
    "minecraft-skin": {
      "version": "0.1.2",
      "resolved": "https://registry.npmjs.org/minecraft-skin/-/minecraft-skin-0.1.2.tgz",
      "integrity": "sha512-qlwuUr0XGewUiTwvLSSAxzFWynKzsAjdoxqxcIeZdr8hpYyPNX6hn6/MtMGDU8YyDSvGQunIa4c8JLOWHPjn/w=="
    },
    "minimist": {
      "version": "0.0.10",
      "resolved": "https://registry.npmjs.org/minimist/-/minimist-0.0.10.tgz",
      "integrity": "sha512-iotkTvxc+TwOm5Ieim8VnSNvCDjCK9S8G3scJ50ZthspSxa7jx50jkhYduuAtAjvfDUwSgOwf8+If99AlOEhyw==",
      "dev": true
    },
    "mkdirp": {
      "version": "0.0.7",
      "resolved": "https://registry.npmjs.org/mkdirp/-/mkdirp-0.0.7.tgz",
      "integrity": "sha512-r4Ml2CH2Kl4B0+Lwq1SVru0vjMxdtR+UEb938WTQcsnU+EJz8dUV/HY0LTZh466nUSljia9cvqW3LZLWs3l8LQ==",
      "dev": true
    },
    "mustache": {
      "version": "0.4.0",
      "resolved": "https://registry.npmjs.org/mustache/-/mustache-0.4.0.tgz",
      "integrity": "sha512-lOIx6XdcDjwR2JApJUO4LuQ7rN2oT41NSphYEBqFKZOa/M+mRKnHZgpa6wbCEFQ1GE0iNZLh7UV3xXc1+8Z+YQ=="
    },
    "node-gyp-build-optional-packages": {
      "version": "5.1.1",
      "resolved": "https://registry.npmjs.org/node-gyp-build-optional-packages/-/node-gyp-build-optional-packages-5.1.1.tgz",
      "integrity": "sha512-+P72GAjVAbTxjjwUmwjVrqrdZROD4nf8KgpBoDxqXXTiYZZt/ud60dE5yvCSr9lRO8e8yv6kgJIC0K0PfZFVQw==",
      "optional": true,
      "requires": {
        "detect-libc": "^2.0.1"
      }
    },
    "nopt": {
      "version": "2.1.2",
      "resolved": "https://registry.npmjs.org/nopt/-/nopt-2.1.2.tgz",
      "integrity": "sha512-x8vXm7BZ2jE1Txrxh/hO74HTuYZQEbo8edoRcANgdZ4+PCV+pbjd/xdummkmjjC7LU5EjPzlu8zEq/oxWylnKA==",
      "dev": true,
      "requires": {
        "abbrev": "1"
      }
    },
    "nub": {
      "version": "0.0.0",
      "resolved": "https://registry.npmjs.org/nub/-/nub-0.0.0.tgz",
      "integrity": "sha512-dK0Ss9C34R/vV0FfYJXuqDAqHlaW9fvWVufq9MmGF2umCuDbd5GRfRD9fpi/LiM0l4ZXf8IBB+RYmZExqCrf0w==",
      "dev": true
    },
    "object-keys": {
      "version": "0.4.0",
      "resolved": "https://registry.npmjs.org/object-keys/-/object-keys-0.4.0.tgz",
      "integrity": "sha512-ncrLw+X55z7bkl5PnUvHwFK9FcGuFYo9gtjws2XtSzL+aZ8tm830P60WJ0dSmFVaSalWieW5MD7kEdnXda9yJw==",
      "dev": true
    },
    "open": {
      "version": "0.0.3",
      "resolved": "https://registry.npmjs.org/open/-/open-0.0.3.tgz",
      "integrity": "sha512-Vm6nsJHcKV8kdOtHESAFAymOOf1VlKrttpwTqtLxvxRDIh8PSw4lWq5qk88QkAvNwnkv/1dNi2lvedhmam/ggw==",
      "dev": true
    },
    "optimist": {
      "version": "0.3.7",
      "resolved": "https://registry.npmjs.org/optimist/-/optimist-0.3.7.tgz",
      "integrity": "sha512-TCx0dXQzVtSCg2OgY/bO9hjM9cV4XYx09TVK+s3+FhkjT6LovsLe+pPMzpWf+6yXK/hUizs2gUoTw3jHM0VaTQ==",
      "dev": true,
      "requires": {
        "wordwrap": "~0.0.2"
      }
    },
    "peerjs": {
      "version": "1.5.2",
      "resolved": "https://registry.npmjs.org/peerjs/-/peerjs-1.5.2.tgz",
      "integrity": "sha512-pPrtNwPyWJHRPxy2y+rHcdlrG8UwUBB1nl+3Yj6r7FLwcbBpcB2NvGNvLvcrxAVGGGX9fsdA5VT5zBKTZcm1DQ==",
      "requires": {
        "@msgpack/msgpack": "^2.8.0",
        "cbor-x": "1.5.4",
        "eventemitter3": "^4.0.7",
        "peerjs-js-binarypack": "^2.1.0",
        "webrtc-adapter": "^8.0.0"
      }
    },
    "peerjs-js-binarypack": {
      "version": "2.1.0",
      "resolved": "https://registry.npmjs.org/peerjs-js-binarypack/-/peerjs-js-binarypack-2.1.0.tgz",
      "integrity": "sha512-YIwCC+pTzp3Bi8jPI9UFKO0t0SLo6xALnHkiNt/iUFmUUZG0fEEmEyFKvjsDKweiFitzHRyhuh6NvyJZ4nNxMg=="
    },
    "perlin": {
      "version": "1.0.0",
      "resolved": "https://registry.npmjs.org/perlin/-/perlin-1.0.0.tgz",
      "integrity": "sha512-BRkCDN/XkRe42NoJFgqma0bWkdbq4ovwryGeGuIxCMblvNi2353g9QCZIHsRkpCrERauPMPzolSCOfhl0i1Zeg=="
    },
    "pin-it": {
      "version": "0.0.1",
      "resolved": "https://registry.npmjs.org/pin-it/-/pin-it-0.0.1.tgz",
      "integrity": "sha512-2M/Whkh+aSXC8pyZHZfb/n7kkEEyTccYWi3bWCUr0cmsKN6CzYMX6qW33fwpZ2ERMyNC1h5QOBW4n5qOZLuzpA=="
    },
    "pointer-lock": {
      "version": "0.0.3",
      "resolved": "https://registry.npmjs.org/pointer-lock/-/pointer-lock-0.0.3.tgz",
      "integrity": "sha512-NUwOCdMRoeZxIzbwHQFQtOG0rceVZoFEQpkg0SaJ3dCzgOT6v92BNYoUsopqhjIdw+ufV65QHGLwOsWbnKmUsw=="
    },
    "portfinder": {
      "version": "0.2.1",
      "resolved": "https://registry.npmjs.org/portfinder/-/portfinder-0.2.1.tgz",
      "integrity": "sha512-U7dHe7mfMMP5cIwbqBHh/likunxAEiBsQLiThUWjyeRK6/C3um2uk+VGiekUW8q3h+s793gdNfagCM3aaXMeOg==",
      "dev": true,
      "requires": {
        "mkdirp": "0.0.x"
      }
    },
    "raf": {
      "version": "0.0.1",
      "resolved": "https://registry.npmjs.org/raf/-/raf-0.0.1.tgz",
      "integrity": "sha512-0KaTd35x733A9x1TP4h2wGvzv0WcWWXHOMPj26T/l+mlg6IRHroymai8FxeOjBqx5TIL1m0T7z3lu3iChCsysg=="
    },
    "readable-stream": {
      "version": "1.1.14",
      "resolved": "https://registry.npmjs.org/readable-stream/-/readable-stream-1.1.14.tgz",
      "integrity": "sha512-+MeVjFf4L44XUkhM1eYbD8fyEsxcV81pqMSR5gblfcLCHfZvbrqy4/qYHE+/R5HoBUT11WV5O08Cr1n3YXkWVQ==",
      "dev": true,
      "requires": {
        "core-util-is": "~1.0.0",
        "inherits": "~2.0.1",
        "isarray": "0.0.1",
        "string_decoder": "~0.10.x"
      }
    },
    "readable-wrap": {
      "version": "1.0.0",
      "resolved": "https://registry.npmjs.org/readable-wrap/-/readable-wrap-1.0.0.tgz",
      "integrity": "sha512-/8n0Mr10S+HGKFygQ42Z40JIXwafPH3A72pwmlNClThgsImV5LJJiCue5Je1asxwY082sYxq/+kTxH6nTn0w3g==",
      "dev": true,
      "requires": {
        "readable-stream": "^1.1.13-1"
      }
    },
    "response-stream": {
      "version": "0.0.0",
      "resolved": "https://registry.npmjs.org/response-stream/-/response-stream-0.0.0.tgz",
      "integrity": "sha512-tWH3QWqkXv7AgYRXidIhPKO1SqPix2E0gM3x/vxf60LHQHWNS8AVrB3RnYexPAoo5dOc0bGzDlUgtsBvV3CWLA==",
      "dev": true
    },
    "safefs": {
      "version": "3.2.2",
      "resolved": "https://registry.npmjs.org/safefs/-/safefs-3.2.2.tgz",
      "integrity": "sha512-qqvuS8qslGUSgUKQbdsYIK8Qg0EAkykxlsdfy3jpBSnhtyPsee/8y4RLc5+3CD6TgazBmtT0ekoGicUTPzICdg==",
      "dev": true,
      "requires": {
        "graceful-fs": "*"
      }
    },
    "scandirectory": {
      "version": "2.5.0",
      "resolved": "https://registry.npmjs.org/scandirectory/-/scandirectory-2.5.0.tgz",
      "integrity": "sha512-uT0CW8Z3YyoIQs2gXIZgR5miLkN/UNl+5IptQIq1YfD2NhFldikYlC3dkOE6MvF15OZMOxjg8yOjx5J/vIIPUA==",
      "dev": true,
      "requires": {
        "ignorefs": "^1.0.0",
        "safefs": "^3.1.2",
        "taskgroup": "^4.0.5"
      }
    },
    "script-injector": {
      "version": "0.1.7",
      "resolved": "https://registry.npmjs.org/script-injector/-/script-injector-0.1.7.tgz",
      "integrity": "sha512-0iW1D9UKsOPNUVBHvR76KePNS5TamEBN38bT5k7BqsXItsyV5oJTZbVsvOF3YS2xJ7GB7pszmgfDFJbIgHmrDQ==",
      "dev": true,
      "requires": {
        "duplexer": "~0.1.1",
        "through": "~2.3.4",
        "trumpet": "~1.6.3"
      },
      "dependencies": {
        "through": {
          "version": "2.3.8",
          "resolved": "https://registry.npmjs.org/through/-/through-2.3.8.tgz",
          "integrity": "sha512-w89qg7PI8wAdvX60bMDP+bFoD5Dvhm9oLheFp5O4a2QF0cSBGsBX4qZmadPMvVqlLJBBci+WqGGOAPvcDeNSVg==",
          "dev": true
        }
      }
    },
    "sdp": {
      "version": "3.2.0",
      "resolved": "https://registry.npmjs.org/sdp/-/sdp-3.2.0.tgz",
      "integrity": "sha512-d7wDPgDV3DDiqulJjKiV2865wKsJ34YI+NDREbm+FySq6WuKOikwyNQcm+doLAZ1O6ltdO0SeKle2xMpN3Brgw=="
    },
    "semver": {
      "version": "6.3.1",
      "resolved": "https://registry.npmjs.org/semver/-/semver-6.3.1.tgz",
      "integrity": "sha512-BR7VvDCVHO+q2xBEWskxS6DJE1qRnb7DxzUrogb71CWoSficBxYsiAGd+Kl0mmq/MprG9yArRkyrQxTO6XjMzA==",
      "dev": true
    },
    "spatial-events": {
      "version": "0.0.1",
      "resolved": "https://registry.npmjs.org/spatial-events/-/spatial-events-0.0.1.tgz",
      "integrity": "sha512-Si3q57GprIVyH1gspcGaaxh5yfBlH3CvA1LguDA66U7kecu79sZAHc7rRirqvPTqoQnX9q+s4dE5cbz0uY4a8w==",
      "requires": {
        "aabb-3d": "0.X.X"
      }
    },
    "spatial-trigger": {
      "version": "0.0.0",
      "resolved": "https://registry.npmjs.org/spatial-trigger/-/spatial-trigger-0.0.0.tgz",
      "integrity": "sha512-pgCQ0+U2EA2FLeYDtWsWSRPF0j2+bF6i3DWo8CwncXH4LZBWBPFEPQNqMePqnKmA/+j8/0mB3A5aS4UwC16qmw=="
    },
    "split": {
      "version": "0.3.3",
      "resolved": "https://registry.npmjs.org/split/-/split-0.3.3.tgz",
      "integrity": "sha512-wD2AeVmxXRBoX44wAycgjVpMhvbwdI2aZjCkvfNcH1YqHQvJVa1duWc73OyVGJUc05fhFaTZeQ/PYsrmyH0JVA==",
      "dev": true,
      "requires": {
        "through": "2"
      }
    },
    "sse-stream": {
      "version": "0.0.4",
      "resolved": "https://registry.npmjs.org/sse-stream/-/sse-stream-0.0.4.tgz",
      "integrity": "sha512-rnDUubW7a4CZAB5D0r2OtFU/zvY05MoNGHMX6deAYK0wWaizrNcHzimf+Nk5y0sqntGAPpWEnIopWrrAf2TBVg==",
      "dev": true,
      "requires": {
        "through": "~2.2.7"
      }
    },
    "stream-splicer": {
      "version": "1.3.2",
      "resolved": "https://registry.npmjs.org/stream-splicer/-/stream-splicer-1.3.2.tgz",
      "integrity": "sha512-nmUMEbdm/sZYqe9dZs7mqJvTYpunsDbIWI5FiBCMc/hMVd6vwzy+ITmo7C3gcLYqrn+uQ1w+EJwooWvJ997JAA==",
      "dev": true,
      "requires": {
        "indexof": "0.0.1",
        "inherits": "^2.0.1",
        "isarray": "~0.0.1",
        "readable-stream": "^1.1.13-1",
        "readable-wrap": "^1.0.0",
        "through2": "^1.0.0"
      }
    },
    "string_decoder": {
      "version": "0.10.31",
      "resolved": "https://registry.npmjs.org/string_decoder/-/string_decoder-0.10.31.tgz",
      "integrity": "sha512-ev2QzSzWPYmy9GuqfIVildA4OdcGLeFZQrq5ys6RtiuF+RQQiZWr8TZNyAcuVXyQRYfEO+MsoB/1BuQVhOJuoQ==",
      "dev": true
    },
    "syntax-error": {
      "version": "0.0.1",
      "resolved": "https://registry.npmjs.org/syntax-error/-/syntax-error-0.0.1.tgz",
      "integrity": "sha512-Pg2FzUaDR1Zlkl5ol+6LGAES7PjqcvfUpa2OKZZhww4VrRyjZyU2v+4C0dcYfhwNl2FMaZW9mXHzX0kS9x3xXw==",
      "dev": true,
      "requires": {
        "esprima": "~0.9.9"
      }
    },
    "taskgroup": {
      "version": "4.3.1",
      "resolved": "https://registry.npmjs.org/taskgroup/-/taskgroup-4.3.1.tgz",
      "integrity": "sha512-PD97E2OfwFH7SgeVRvR6K2c+NkKXZSwMMTdcM1t/3P+f70DUWbR81Qx7TF7dJj8dV631u4dhdBmhfDQjIZvGsg==",
      "dev": true,
      "requires": {
        "ambi": "^2.2.0",
        "csextends": "^1.0.3"
      }
    },
    "three": {
      "version": "0.70.1",
      "resolved": "https://registry.npmjs.org/three/-/three-0.70.1.tgz",
      "integrity": "sha512-TaFp4HJl7XoiqfoXAe6wlbiMkOCRjduz7Wvr9SszNJeXAQNncDhGiNPriS+xE9cWBi+SsX3fGlk/x8Bbr3NwNA=="
    },
    "through": {
      "version": "2.2.7",
      "resolved": "https://registry.npmjs.org/through/-/through-2.2.7.tgz",
      "integrity": "sha512-JIR0m0ybkmTcR8URann+HbwKmodP+OE8UCbsifQDYMLD5J3em1Cdn3MYPpbEd5elGDwmP98T+WbqP/tvzA5Mjg==",
      "dev": true
    },
    "through2": {
      "version": "1.1.1",
      "resolved": "https://registry.npmjs.org/through2/-/through2-1.1.1.tgz",
      "integrity": "sha512-zEbpaeSMHxczpTzO1KkMHjBC1enTA68ojeaZGG4toqdASpb9t4xUZaYFBq2/9OHo5nTGFVSYd4c910OR+6wxbQ==",
      "dev": true,
      "requires": {
        "readable-stream": ">=1.1.13-1 <1.2.0-0",
        "xtend": ">=4.0.0 <4.1.0-0"
      }
    },
    "tic": {
      "version": "0.2.1",
      "resolved": "https://registry.npmjs.org/tic/-/tic-0.2.1.tgz",
      "integrity": "sha512-dF8sA2D1HbLAZSdV1gM6Yn1T5tCSYoevZKJE7BNgyhMwPGedHZmS7q6dIz0299majPrb6baGZ95K/t4s10atKg=="
    },
    "to-utf8": {
      "version": "0.0.1",
      "resolved": "https://registry.npmjs.org/to-utf8/-/to-utf8-0.0.1.tgz",
      "integrity": "sha512-zks18/TWT1iHO3v0vFp5qLKOG27m67ycq/Y7a7cTiRuUNlc4gf3HGnkRgMv0NyhnfTamtkYBJl+YeD1/j07gBQ==",
      "dev": true
    },
    "trumpet": {
      "version": "1.6.6",
      "resolved": "https://registry.npmjs.org/trumpet/-/trumpet-1.6.6.tgz",
      "integrity": "sha512-A4cn/zuq0AsxS5M8cD+7GUoIhOoK2qkcpFUwlpHnNOsTPzCq7FITZV9lg95ydupJcQRi/kFQzGIn7oN3kNp10w==",
      "dev": true,
      "requires": {
        "duplexer2": "~0.0.2",
        "html-select": "^2.3.5",
        "html-tokenize": "^1.1.1",
        "inherits": "^2.0.0",
        "readable-stream": "^1.0.27-1",
        "through2": "^1.0.0"
      }
    },
    "typechecker": {
      "version": "2.1.0",
      "resolved": "https://registry.npmjs.org/typechecker/-/typechecker-2.1.0.tgz",
      "integrity": "sha512-d6smcjY8kDAnxL9ZAtcrZpcrFpMM2OVmKxDbH7Rmo8nopW2KHBk9w3NAOeyUV+Em+2dNnu70ybaPKkDLVofCKA==",
      "dev": true
    },
    "underscore": {
      "version": "1.4.4",
      "resolved": "https://registry.npmjs.org/underscore/-/underscore-1.4.4.tgz",
      "integrity": "sha512-ZqGrAgaqqZM7LGRzNjLnw5elevWb5M8LEoDMadxIW3OWbcv72wMMgKdwOKpd5Fqxe8choLD8HN3iSj3TUh/giQ=="
    },
    "vkey": {
      "version": "1.0.1",
      "resolved": "https://registry.npmjs.org/vkey/-/vkey-1.0.1.tgz",
      "integrity": "sha512-qmeIeB6Y66RzUA1NTi353bu+AhSeQ9/vcFuLLayrz6whAczm1QfOqcw5kCkG0jLOfmgcZeCMHLuUhuWExz9EJA=="
    },
    "vm-browserify": {
      "version": "0.0.4",
      "resolved": "https://registry.npmjs.org/vm-browserify/-/vm-browserify-0.0.4.tgz",
      "integrity": "sha512-NyZNR3WDah+NPkjh/YmhuWSsT4a0mF0BJYgUmvrJ70zxjTXh5Y2Asobxlh0Nfs0PCFB5FVpRJft7NozAWFMwLQ==",
      "dev": true,
      "requires": {
        "indexof": "0.0.1"
      }
    },
    "voxel": {
      "version": "0.3.1",
      "resolved": "https://registry.npmjs.org/voxel/-/voxel-0.3.1.tgz",
      "integrity": "sha512-RMcnRo91/dDAU6LCI2A6rV/Vf0SStR5j4K3ZHJBthG3FvFD3iS/GOPGgHVCL3yBjTop8O9HZn4zP0jDkxgK6yg==",
      "requires": {
        "inherits": "1.0.0"
      },
      "dependencies": {
        "inherits": {
          "version": "1.0.0",
          "resolved": "https://registry.npmjs.org/inherits/-/inherits-1.0.0.tgz",
          "integrity": "sha512-5KfXESjCAfFQel2TLqhr18NEz++UiWVIA0jwHzs2Kbvb3e+r+G/eVhRfoZbaPCL0PnERvK5YeMgh02O4eenufw=="
        }
      }
    },
    "voxel-control": {
      "version": "0.0.7",
      "resolved": "https://registry.npmjs.org/voxel-control/-/voxel-control-0.0.7.tgz",
      "integrity": "sha512-eFxgHQ53nWtUAMVV9ZcLxkf8yo2QRCNFjAspPGmSgGKpx50W7+kbv4/Q9BscIfnjPJoKq6dkfncXLOv+nUZ38Q=="
    },
    "voxel-engine": {
      "version": "0.18.4",
      "resolved": "https://registry.npmjs.org/voxel-engine/-/voxel-engine-0.18.4.tgz",
      "integrity": "sha512-hZxAt7g93PUWbNwhj5BXNwAheq6ukSsmP9c7rBqu1pYpZMorJfr6YOhAlMfeCkGq/ctPfrGEjcgK+A6OdKpfgw==",
      "requires": {
        "aabb-3d": "0.0.0",
        "collide-3d-tilemap": "0.0.1",
        "gl-matrix": "2.0.0",
        "inherits": "1.0.0",
        "interact": "0.0.2",
        "kb-controls": "0.0.2",
        "pin-it": "0.0.1",
        "raf": "0.0.1",
        "spatial-events": "0.0.1",
        "spatial-trigger": "0.0.0",
        "three": "0.56.0",
        "tic": "0.2.1",
        "voxel": "0.3.1",
        "voxel-control": "0.0.7",
        "voxel-mesh": "0.2.1",
        "voxel-physical": "0.0.10",
        "voxel-raycast": "0.2.1",
        "voxel-region-change": "0.1.0",
        "voxel-texture": "0.5.6",
        "voxel-view": "0.0.6"
      },
      "dependencies": {
        "inherits": {
          "version": "1.0.0",
          "resolved": "https://registry.npmjs.org/inherits/-/inherits-1.0.0.tgz",
          "integrity": "sha512-5KfXESjCAfFQel2TLqhr18NEz++UiWVIA0jwHzs2Kbvb3e+r+G/eVhRfoZbaPCL0PnERvK5YeMgh02O4eenufw=="
        },
        "three": {
          "version": "0.56.0",
          "resolved": "https://registry.npmjs.org/three/-/three-0.56.0.tgz",
          "integrity": "sha512-Vx0qq51yx3fhKpLVmV0EsnQ711UXmr187dzRkUYRbq+hKhA2ksOfj+15r+x6OWLbXyOJm8SCo8fsI1ZplDZJPQ=="
        }
      }
    },
    "voxel-highlight": {
      "version": "0.0.9",
      "resolved": "https://registry.npmjs.org/voxel-highlight/-/voxel-highlight-0.0.9.tgz",
      "integrity": "sha512-gdiAzZrWuh5MEAaoVVvvgJI9IsawkHuFBFRCHPbJvq2+jiGWXB/mjCRBORGEVDzf6Bbkd/BcJyPxKm8keXtcig==",
      "requires": {
        "inherits": "1.0.0",
        "underscore": "1.4.4"
      },
      "dependencies": {
        "inherits": {
          "version": "1.0.0",
          "resolved": "https://registry.npmjs.org/inherits/-/inherits-1.0.0.tgz",
          "integrity": "sha512-5KfXESjCAfFQel2TLqhr18NEz++UiWVIA0jwHzs2Kbvb3e+r+G/eVhRfoZbaPCL0PnERvK5YeMgh02O4eenufw=="
        }
      }
    },
    "voxel-mesh": {
      "version": "0.2.1",
      "resolved": "https://registry.npmjs.org/voxel-mesh/-/voxel-mesh-0.2.1.tgz",
      "integrity": "sha512-JGSdPEM3oE/zIIZqAflji8dv2ZPNl7QSmUrTgSMKm6StaeVVURa8yCktetyDmtB1r3SwVKd/rI7+XAJYt0/Wew==",
      "requires": {}
    },
    "voxel-physical": {
      "version": "0.0.10",
      "resolved": "https://registry.npmjs.org/voxel-physical/-/voxel-physical-0.0.10.tgz",
      "integrity": "sha512-LJvyxvpFAcF1vmsqU3egBYzQs7fN5jPykhTM/vRe7YLjOgMc8QTSXCShYzdZNt30w3th+UD6vfkl5ZMkbDhcoQ==",
      "requires": {
        "aabb-3d": "0.0.X",
        "three": "0.X.X"
      }
    },
    "voxel-player": {
      "version": "0.1.0",
      "resolved": "https://registry.npmjs.org/voxel-player/-/voxel-player-0.1.0.tgz",
      "integrity": "sha512-2uVoSzl1dw2c9+qono2dT4V9RrF2zdYbtA4obInB4/g6+xu4yR+ZqyprZdTG/ab5MD+53OmHQa89+phDmntD5A==",
      "requires": {
        "minecraft-skin": "~0.1.0"
      }
    },
    "voxel-raycast": {
      "version": "0.2.1",
      "resolved": "https://registry.npmjs.org/voxel-raycast/-/voxel-raycast-0.2.1.tgz",
      "integrity": "sha512-rJwTCkKnA/5Nxt9oB7qpE4gcIYJvEDPyVXFt0WcZCAt60C5nvvMTLv3iKTgy1v0CQiR3k6mPIWKGmaTQyV/07w=="
    },
    "voxel-region-change": {
      "version": "0.1.0",
      "resolved": "https://registry.npmjs.org/voxel-region-change/-/voxel-region-change-0.1.0.tgz",
      "integrity": "sha512-H841j/EinfE4r1RY+Ex6YtDgb/Bx20TTmYqeVRNXo2TPRTDSm3skDmq1/jLphO/qzH3ZaZpsf/KiyIgaHZ3l7A==",
      "requires": {
        "aabb-3d": "0.0.0"
      }
    },
    "voxel-texture": {
      "version": "0.5.6",
      "resolved": "https://registry.npmjs.org/voxel-texture/-/voxel-texture-0.5.6.tgz",
      "integrity": "sha512-bMHM8eLyyPRR7sqMn96z3aUyCLnYTq9EPzaabEcbo3YADkGCJuWq/IcB29aLMEUvl5nrVeCfJlL8KOQHSLXADg==",
      "requires": {
        "atlaspack": "~0.2.4",
        "tic": "~0.2.0"
      }
    },
    "voxel-view": {
      "version": "0.0.6",
      "resolved": "https://registry.npmjs.org/voxel-view/-/voxel-view-0.0.6.tgz",
      "integrity": "sha512-diOK93EwSZ8pO7xrCRBtA8wy1Zaq93TaUfR1fEF+lipceaiRETGEAC+c6nZm09FBPQwp+6cNgWbYaMTlVOI1Nw=="
    },
    "watchr": {
      "version": "2.4.13",
      "resolved": "https://registry.npmjs.org/watchr/-/watchr-2.4.13.tgz",
      "integrity": "sha512-yyEIbHuTP3dN2s8752n2IdJU+eg1sbLsw6m6BgrMNsgkU7K4vXSh+TeCHW4+1SvDdCiA3UZgtYyTUs054RggoQ==",
      "dev": true,
      "requires": {
        "eachr": "^2.0.2",
        "extendr": "^2.1.0",
        "extract-opts": "^2.2.0",
        "ignorefs": "^1.0.0",
        "safefs": "^3.1.2",
        "scandirectory": "^2.5.0",
        "taskgroup": "^4.2.0",
        "typechecker": "^2.0.8"
      }
    },
    "webrtc-adapter": {
      "version": "8.2.3",
      "resolved": "https://registry.npmjs.org/webrtc-adapter/-/webrtc-adapter-8.2.3.tgz",
      "integrity": "sha512-gnmRz++suzmvxtp3ehQts6s2JtAGPuDPjA1F3a9ckNpG1kYdYuHWYpazoAnL9FS5/B21tKlhkorbdCXat0+4xQ==",
      "requires": {
        "sdp": "^3.2.0"
      }
    },
    "wordwrap": {
      "version": "0.0.3",
      "resolved": "https://registry.npmjs.org/wordwrap/-/wordwrap-0.0.3.tgz",
      "integrity": "sha512-1tMA907+V4QmxV7dbRvb4/8MaRALK6q9Abid3ndMYnbyo8piisCmeONVqVSXqQA3KaP4SLt5b7ud6E2sqP8TFw==",
      "dev": true
    },
    "xtend": {
      "version": "4.0.2",
      "resolved": "https://registry.npmjs.org/xtend/-/xtend-4.0.2.tgz",
      "integrity": "sha512-LKYU1iAXJXUgAXn9URjiu+MWhyUXHsvfp7mcuYm9dSUKK0/CjtrUwFAxD82/mCWbtLsGjFIad0wIsod4zrTAEQ==",
      "dev": true
    }
  }
}
